
Microsoft Visual Studio Solution File, Format Version 12.00
Project("{FAE04EC0-301F-11D3-BF4B-00C04F79EFBC}") = "Web", "Web\Web.csproj", "{2F6461AC-5C46-41D5-BC5E-D497B1953C73}"
EndProject
Project("{FAE04EC0-301F-11D3-BF4B-00C04F79EFBC}") = "Core", "Core\Core.csproj", "{826D9E2D-03B1-47DC-AE6B-9069659D994C}"
EndProject
Global
	GlobalSection(SolutionConfigurationPlatforms) = preSolution
		Debug|Any CPU = Debug|Any CPU
		Release|Any CPU = Release|Any CPU
	EndGlobalSection
	GlobalSection(ProjectConfigurationPlatforms) = postSolution
		{2F6461AC-5C46-41D5-BC5E-D497B1953C73}.Debug|Any CPU.ActiveCfg = Debug|Any CPU
		{2F6461AC-5C46-41D5-BC5E-D497B1953C73}.Debug|Any CPU.Build.0 = Debug|Any CPU
		{2F6461AC-5C46-41D5-BC5E-D497B1953C73}.Release|Any CPU.ActiveCfg = Release|Any CPU
		{2F6461AC-5C46-41D5-BC5E-D497B1953C73}.Release|Any CPU.Build.0 = Release|Any CPU
		{826D9E2D-03B1-47DC-AE6B-9069659D994C}.Debug|Any CPU.ActiveCfg = Debug|Any CPU
		{826D9E2D-03B1-47DC-AE6B-9069659D994C}.Debug|Any CPU.Build.0 = Debug|Any CPU
		{826D9E2D-03B1-47DC-AE6B-9069659D994C}.Release|Any CPU.ActiveCfg = Release|Any CPU
		{826D9E2D-03B1-47DC-AE6B-9069659D994C}.Release|Any CPU.Build.0 = Release|Any CPU
	EndGlobalSection
EndGlobal
